# This file was autogenerated by uv via the following command:
#    uv pip compile requirements-docker.in --output-file requirements-docker.lock --python-version 3.13 --python-platform linux --torch-backend cpu --no-emit-index-url
accelerate==1.14.0
    # via -r requirements-docker.in
aiofile==3.11.1
    # via py-key-value-aio
aiohappyeyeballs==2.7.1
    # via aiohttp
aiohttp==3.14.2
    # via fsspec
aiosignal==1.4.0
    # via aiohttp
alembic==1.18.5
    # via optuna
aliyun-python-sdk-core==2.16.0
    # via
    #   aliyun-python-sdk-kms
    #   oss2
aliyun-python-sdk-kms==2.16.5
    # via oss2
annotated-doc==0.0.4
    # via
    #   fastapi
    #   typer
annotated-types==0.7.0
    # via pydantic
antlr4-python3-runtime==4.9.3
    # via
    #   hydra-core
    #   omegaconf
anyio==4.14.2
    # via
    #   httpx
    #   mcp
    #   py-key-value-aio
    #   sse-starlette
    #   starlette
    #   watchfiles
asteroid-filterbanks==0.4.0
    # via pyannote-audio
attrs==26.1.0
    # via
    #   aiohttp
    #   cyclopts
    #   jsonschema
    #   jsonschema-path
    #   referencing
audioop-lts==0.2.2
    # via
    #   standard-aifc
    #   standard-sunau
audioread==3.1.0
    # via librosa
authlib==1.7.2
    # via fastmcp-slim
av==18.0.0
    # via
    #   faster-whisper
    #   moss-transcribe-diarize
beartype==0.22.9
    # via py-key-value-aio
cachetools==7.1.4
    # via py-key-value-aio
caio==0.9.25
    # via aiofile
certifi==2026.7.22
    # via
    #   httpcore
    #   httpx
    #   requests
cffi==2.1.0
    # via
    #   cryptography
    #   soundfile
charset-normalizer==3.4.9
    # via requests
click==8.4.2
    # via
    #   huggingface-hub
    #   uvicorn
colorlog==6.11.0
    # via optuna
contourpy==1.3.3
    # via matplotlib
crcmod==1.7
    # via oss2
cryptography==49.0.0
    # via
    #   aliyun-python-sdk-core
    #   authlib
    #   joserfc
    #   pyjwt
    #   secretstorage
ctranslate2==4.8.1
    # via faster-whisper
cycler==0.12.1
    # via matplotlib
cyclopts==4.22.1
    # via fastmcp-slim
decorator==5.3.1
    # via librosa
dnspython==2.8.0
    # via email-validator
docstring-parser==0.18.0
    # via cyclopts
einops==0.8.2
    # via pyannote-audio
email-validator==2.3.0
    # via pydantic
exceptiongroup==1.3.1
    # via fastmcp-slim
fastapi==0.139.2
    # via
    #   -r requirements-docker.in
    #   moss-transcribe-diarize
faster-whisper==1.2.1
    # via -r requirements-docker.in
fastmcp==3.4.4
    # via -r requirements-docker.in
fastmcp-slim==3.4.4
    # via fastmcp
filelock==3.32.0
    # via
    #   huggingface-hub
    #   modelscope
    #   modelscope-hub
    #   pyannote-pipeline
    #   torch
flatbuffers==25.12.19
    # via onnxruntime
fonttools==4.63.0
    # via matplotlib
frozenlist==1.8.0
    # via
    #   aiohttp
    #   aiosignal
fsspec==2026.6.0
    # via
    #   huggingface-hub
    #   lightning
    #   pytorch-lightning
    #   torch
funasr==1.3.22
    # via -r requirements-docker.in
googleapis-common-protos==1.75.0
    # via
    #   opentelemetry-exporter-otlp-proto-grpc
    #   opentelemetry-exporter-otlp-proto-http
greenlet==3.5.3
    # via sqlalchemy
griffelib==2.1.0
    # via fastmcp-slim
grpcio==1.82.1
    # via opentelemetry-exporter-otlp-proto-grpc
h11==0.16.0
    # via
    #   httpcore
    #   uvicorn
hf-xet==1.5.2
    # via huggingface-hub
httpcore==1.0.9
    # via httpx
httpx==0.28.1
    # via
    #   fastmcp-slim
    #   huggingface-hub
    #   mcp
httpx-sse==0.4.3
    # via mcp
huggingface-hub==1.24.0
    # via
    #   -r requirements-docker.in
    #   accelerate
    #   faster-whisper
    #   funasr
    #   pyannote-audio
    #   tokenizers
    #   transformers
hydra-core==1.3.4
    # via funasr
idna==3.18
    # via
    #   anyio
    #   email-validator
    #   httpx
    #   requests
    #   yarl
jaconv==0.5.0
    # via funasr
jamo==0.4.1
    # via funasr
jaraco-classes==3.4.0
    # via keyring
jaraco-context==6.1.2
    # via keyring
jaraco-functools==4.6.0
    # via keyring
jeepney==0.9.0
    # via
    #   keyring
    #   secretstorage
jieba==0.42.1
    # via funasr
jinja2==3.1.6
    # via torch
jmespath==0.10.0
    # via aliyun-python-sdk-core
joblib==1.5.3
    # via
    #   librosa
    #   pynndescent
    #   scikit-learn
joserfc==1.7.4
    # via
    #   authlib
    #   fastmcp-slim
jsonref==1.1.0
    # via fastmcp-slim
jsonschema==4.26.0
    # via
    #   mcp
    #   mistral-common
jsonschema-path==0.5.0
    # via fastmcp-slim
jsonschema-specifications==2025.9.1
    # via jsonschema
julius==0.2.8
    # via torch-audiomentations
kaldiio==2.18.1
    # via funasr
keyring==25.7.0
    # via py-key-value-aio
kiwisolver==1.5.0
    # via matplotlib
lazy-loader==0.5
    # via librosa
librosa==0.11.0
    # via
    #   funasr
    #   moss-transcribe-diarize
lightning==2.6.5
    # via pyannote-audio
lightning-utilities==0.15.3
    # via
    #   lightning
    #   pytorch-lightning
    #   torchmetrics
llvmlite==0.48.0
    # via
    #   -r requirements-docker.in
    #   numba
    #   pynndescent
mako==1.3.12
    # via alembic
markdown-it-py==4.2.0
    # via rich
markupsafe==3.0.3
    # via
    #   jinja2
    #   mako
matplotlib==3.11.1
    # via pyannote-audio
mcp==1.28.1
    # via fastmcp-slim
mdurl==0.1.2
    # via markdown-it-py
mistral-common==1.11.7
    # via -r requirements-docker.in
modelscope==1.38.1
    # via
    #   -r requirements-docker.in
    #   funasr
modelscope-hub==0.1.8
    # via modelscope
more-itertools==11.1.0
    # via
    #   jaraco-classes
    #   jaraco-functools
moss-transcribe-diarize @ git+https://github.com/OpenMOSS/MOSS-Transcribe-Diarize.git@0e3d1403fd8f1f1c674e883ece96b9f630794ebe
    # via -r requirements-docker.in
mpmath==1.3.0
    # via sympy
msgpack==1.2.1
    # via librosa
multidict==6.7.1
    # via
    #   aiohttp
    #   yarl
narwhals==2.24.0
    # via scikit-learn
networkx==3.6.1
    # via torch
numba==0.66.0
    # via
    #   -r requirements-docker.in
    #   librosa
    #   moss-transcribe-diarize
    #   pynndescent
    #   umap-learn
numpy==2.4.6
    # via
    #   -r requirements-docker.in
    #   accelerate
    #   asteroid-filterbanks
    #   contourpy
    #   ctranslate2
    #   funasr
    #   kaldiio
    #   librosa
    #   matplotlib
    #   mistral-common
    #   moss-transcribe-diarize
    #   numba
    #   onnxruntime
    #   optuna
    #   pandas
    #   pyannote-core
    #   pyannote-metrics
    #   pytorch-metric-learning
    #   scikit-learn
    #   scipy
    #   soundfile
    #   soxr
    #   tensorboardx
    #   torch-complex
    #   torchmetrics
    #   transformers
    #   umap-learn
omegaconf==2.3.1
    # via
    #   funasr
    #   hydra-core
onnxruntime==1.27.0
    # via faster-whisper
openapi-pydantic==0.5.1
    # via fastmcp-slim
opencc-python-reimplemented==0.1.7
    # via -r requirements-docker.in
opentelemetry-api==1.44.0
    # via
    #   fastmcp-slim
    #   opentelemetry-exporter-otlp-proto-grpc
    #   opentelemetry-exporter-otlp-proto-http
    #   opentelemetry-sdk
    #   opentelemetry-semantic-conventions
    #   pyannote-audio
opentelemetry-exporter-otlp==1.44.0
    # via pyannote-audio
opentelemetry-exporter-otlp-proto-common==1.44.0
    # via
    #   opentelemetry-exporter-otlp-proto-grpc
    #   opentelemetry-exporter-otlp-proto-http
opentelemetry-exporter-otlp-proto-grpc==1.44.0
    # via opentelemetry-exporter-otlp
opentelemetry-exporter-otlp-proto-http==1.44.0
    # via opentelemetry-exporter-otlp
opentelemetry-proto==1.44.0
    # via
    #   opentelemetry-exporter-otlp-proto-common
    #   opentelemetry-exporter-otlp-proto-grpc
    #   opentelemetry-exporter-otlp-proto-http
opentelemetry-sdk==1.44.0
    # via
    #   opentelemetry-exporter-otlp-proto-grpc
    #   opentelemetry-exporter-otlp-proto-http
    #   pyannote-audio
opentelemetry-semantic-conventions==0.65b0
    # via opentelemetry-sdk
optuna==4.9.0
    # via pyannote-pipeline
oss2==2.19.1
    # via funasr
packaging==26.2
    # via
    #   accelerate
    #   fastmcp-slim
    #   huggingface-hub
    #   hydra-core
    #   lazy-loader
    #   lightning
    #   lightning-utilities
    #   matplotlib
    #   modelscope
    #   moss-transcribe-diarize
    #   onnxruntime
    #   optuna
    #   pooch
    #   pytorch-lightning
    #   tensorboardx
    #   torch-complex
    #   torch-pitch-shift
    #   torchmetrics
    #   transformers
pandas==3.0.3
    # via
    #   pyannote-core
    #   pyannote-database
    #   pyannote-metrics
pathable==0.6.0
    # via jsonschema-path
pillow==12.3.0
    # via
    #   matplotlib
    #   mistral-common
platformdirs==4.11.0
    # via
    #   fastmcp-slim
    #   pooch
pooch==1.9.0
    # via librosa
primepy==1.3
    # via torch-pitch-shift
propcache==0.5.2
    # via
    #   aiohttp
    #   yarl
protobuf==7.35.1
    # via
    #   googleapis-common-protos
    #   onnxruntime
    #   opentelemetry-proto
    #   tensorboardx
psutil==7.2.2
    # via accelerate
py-key-value-aio==0.4.5
    # via fastmcp-slim
pyannote-audio==4.0.7
    # via -r requirements-docker.in
pyannote-core==6.0.1
    # via
    #   pyannote-audio
    #   pyannote-database
    #   pyannote-metrics
    #   pyannote-pipeline
pyannote-database==6.1.1
    # via
    #   pyannote-audio
    #   pyannote-metrics
    #   pyannote-pipeline
pyannote-metrics==4.1
    # via pyannote-audio
pyannote-pipeline==4.0.0
    # via pyannote-audio
pyannoteai-sdk==0.4.0
    # via pyannote-audio
pycountry==26.2.16
    # via pydantic-extra-types
pycparser==3.0
    # via cffi
pycryptodome==3.23.0
    # via oss2
pydantic==2.13.4
    # via
    #   -r requirements-docker.in
    #   fastapi
    #   fastmcp-slim
    #   mcp
    #   mistral-common
    #   openapi-pydantic
    #   pydantic-extra-types
    #   pydantic-settings
pydantic-core==2.46.4
    # via pydantic
pydantic-extra-types==2.11.1
    # via mistral-common
pydantic-settings==2.14.2
    # via
    #   fastmcp-slim
    #   mcp
pygments==2.20.0
    # via
    #   rich
    #   rich-rst
pyjwt==2.13.0
    # via mcp
pynndescent==0.5.13
    # via umap-learn
pyparsing==3.3.2
    # via matplotlib
pyperclip==1.11.0
    # via fastmcp-slim
python-dateutil==2.9.0.post0
    # via
    #   matplotlib
    #   pandas
python-dotenv==1.2.2
    # via
    #   fastmcp-slim
    #   pydantic-settings
python-multipart==0.0.32
    # via
    #   -r requirements-docker.in
    #   fastmcp-slim
    #   mcp
    #   moss-transcribe-diarize
pytorch-lightning==2.6.5
    # via lightning
pytorch-metric-learning==2.9.0
    # via pyannote-audio
pyyaml==6.0.3
    # via
    #   accelerate
    #   ctranslate2
    #   fastmcp-slim
    #   funasr
    #   huggingface-hub
    #   jsonschema-path
    #   lightning
    #   omegaconf
    #   optuna
    #   pyannote-database
    #   pyannote-pipeline
    #   pytorch-lightning
    #   transformers
rapidfuzz==3.14.5
    # via funasr
referencing==0.37.0
    # via
    #   jsonschema
    #   jsonschema-path
    #   jsonschema-specifications
regex==2026.7.19
    # via
    #   funasr
    #   tiktoken
    #   transformers
requests==2.34.2
    # via
    #   -r requirements-docker.in
    #   funasr
    #   mistral-common
    #   modelscope
    #   modelscope-hub
    #   opentelemetry-exporter-otlp-proto-http
    #   oss2
    #   pooch
    #   pyannoteai-sdk
    #   tiktoken
rich==15.0.0
    # via
    #   cyclopts
    #   fastmcp-slim
    #   pyannote-audio
    #   rich-rst
    #   typer
rich-rst==2.1.0
    # via cyclopts
rpds-py==2026.6.3
    # via
    #   jsonschema
    #   referencing
safetensors==0.8.0
    # via
    #   accelerate
    #   funasr
    #   moss-transcribe-diarize
    #   pyannote-audio
    #   transformers
scikit-learn==1.9.0
    # via
    #   librosa
    #   pyannote-metrics
    #   pynndescent
    #   pytorch-metric-learning
    #   umap-learn
scipy==1.18.0
    # via
    #   funasr
    #   librosa
    #   pyannote-metrics
    #   pynndescent
    #   scikit-learn
    #   umap-learn
secretstorage==3.5.0
    # via keyring
sentencepiece==0.2.2
    # via funasr
setuptools==81.0.0
    # via
    #   ctranslate2
    #   modelscope
    #   torch
shellingham==1.5.4
    # via typer
six==1.17.0
    # via
    #   oss2
    #   python-dateutil
sortedcontainers==2.4.0
    # via pyannote-core
soundfile==0.14.0
    # via
    #   funasr
    #   librosa
    #   mistral-common
    #   moss-transcribe-diarize
soxr==1.1.0
    # via
    #   librosa
    #   mistral-common
    #   moss-transcribe-diarize
sqlalchemy==2.0.51
    # via
    #   -r requirements-docker.in
    #   alembic
    #   optuna
sse-starlette==3.4.6
    # via
    #   -r requirements-docker.in
    #   mcp
standard-aifc==3.13.0
    # via
    #   audioread
    #   librosa
standard-chunk==3.13.0
    # via standard-aifc
standard-sunau==3.13.0
    # via
    #   audioread
    #   librosa
starlette==1.3.1
    # via
    #   fastapi
    #   fastmcp-slim
    #   mcp
    #   sse-starlette
sympy==1.14.0
    # via torch
tensorboardx==2.6.5
    # via funasr
threadpoolctl==3.6.0
    # via scikit-learn
tiktoken==0.13.0
    # via
    #   funasr
    #   mistral-common
tokenizers==0.23.2
    # via
    #   faster-whisper
    #   transformers
torch==2.11.0+cpu
    # via
    #   -r requirements-docker.in
    #   accelerate
    #   asteroid-filterbanks
    #   julius
    #   lightning
    #   pyannote-audio
    #   pytorch-lightning
    #   pytorch-metric-learning
    #   torch-audiomentations
    #   torch-pitch-shift
    #   torchmetrics
torch-audiomentations==0.12.0
    # via pyannote-audio
torch-complex==0.4.4
    # via funasr
torch-pitch-shift==1.2.5
    # via torch-audiomentations
torchaudio==2.11.0+cpu
    # via
    #   -r requirements-docker.in
    #   pyannote-audio
    #   torch-audiomentations
    #   torch-pitch-shift
torchcodec==0.15.0
    # via pyannote-audio
torchmetrics==1.9.0
    # via
    #   lightning
    #   pyannote-audio
    #   pytorch-lightning
tqdm==4.69.0
    # via
    #   -r requirements-docker.in
    #   faster-whisper
    #   funasr
    #   huggingface-hub
    #   lightning
    #   modelscope
    #   modelscope-hub
    #   optuna
    #   pyannote-pipeline
    #   pytorch-lightning
    #   pytorch-metric-learning
    #   transformers
    #   umap-learn
transformers==5.17.0
    # via
    #   -r requirements-docker.in
    #   funasr
    #   moss-transcribe-diarize
typer==0.27.0
    # via transformers
typing-extensions==4.16.0
    # via
    #   alembic
    #   asteroid-filterbanks
    #   fastapi
    #   fastmcp-slim
    #   grpcio
    #   huggingface-hub
    #   librosa
    #   lightning
    #   lightning-utilities
    #   mcp
    #   mistral-common
    #   opentelemetry-api
    #   opentelemetry-exporter-otlp-proto-grpc
    #   opentelemetry-exporter-otlp-proto-http
    #   opentelemetry-sdk
    #   opentelemetry-semantic-conventions
    #   py-key-value-aio
    #   pydantic
    #   pydantic-core
    #   pydantic-extra-types
    #   pytorch-lightning
    #   soundfile
    #   sqlalchemy
    #   torch
    #   typing-inspection
typing-inspection==0.4.2
    # via
    #   fastapi
    #   mcp
    #   pydantic
    #   pydantic-settings
umap-learn==0.5.12
    # via funasr
uncalled-for==0.3.2
    # via fastmcp-slim
urllib3==2.7.0
    # via
    #   modelscope
    #   modelscope-hub
    #   requests
uvicorn==0.51.0
    # via
    #   -r requirements-docker.in
    #   fastmcp-slim
    #   mcp
    #   moss-transcribe-diarize
watchfiles==1.2.0
    # via fastmcp-slim
websockets==16.1.1
    # via
    #   fastmcp-slim
    #   funasr
yarl==1.24.5
    # via aiohttp
